uuid: f32dbeeb-c8dc-44ce-8e66-5f3c015b27da
langcode: en
status: true
dependencies:
  config:
    - block_content.type.test_custom_block
  module:
    - content_translation
third_party_settings:
  content_translation:
    enabled: true
    bundle_settings:
      untranslatable_fields_hide: '0'
id: block_content.test_custom_block
target_entity_type_id: block_content
target_bundle: test_custom_block
default_langcode: site_default
language_alterable: true
